
Microsoft Visual Studio Solution File, Format Version 12.00
# Visual Studio Version 16
VisualStudioVersion = 16.0.31515.178
MinimumVisualStudioVersion = 10.0.40219.1
Project("{FAE04EC0-301F-11D3-BF4B-00C04F79EFBC}") = "Hotel", "Hotel\Hotel.csproj", "{3EAC1168-D588-4A78-9F39-F181747ADC9C}"
EndProject
Global
	GlobalSection(SolutionConfigurationPlatforms) = preSolution
		Debug|Any CPU = Debug|Any CPU
		Release|Any CPU = Release|Any CPU
	EndGlobalSection
	GlobalSection(ProjectConfigurationPlatforms) = postSolution
		{3EAC1168-D588-4A78-9F39-F181747ADC9C}.Debug|Any CPU.ActiveCfg = Debug|Any CPU
		{3EAC1168-D588-4A78-9F39-F181747ADC9C}.Debug|Any CPU.Build.0 = Debug|Any CPU
		{3EAC1168-D588-4A78-9F39-F181747ADC9C}.Release|Any CPU.ActiveCfg = Release|Any CPU
		{3EAC1168-D588-4A78-9F39-F181747ADC9C}.Release|Any CPU.Build.0 = Release|Any CPU
	EndGlobalSection
	GlobalSection(SolutionProperties) = preSolution
		HideSolutionNode = FALSE
	EndGlobalSection
	GlobalSection(ExtensibilityGlobals) = postSolution
		SolutionGuid = {CCECBB8E-7BC8-46F9-869F-9758A31F8271}
	EndGlobalSection
EndGlobal
